{
  "name": "ckanext-resource-type-validaton",
  "version": "1.0.0",
  "lockfileVersion": 3,
  "requires": true,
  "packages": {
    "": {
      "name": "ckanext-resource-type-validaton",
      "version": "1.0.0",
      "license": "ISC",
      "devDependencies": {
        "pyright": "^1.1.392"
      }
    },
    "node_modules/fsevents": {
      "version": "2.3.3",
      "resolved": "https://registry.npmjs.org/fsevents/-/fsevents-2.3.3.tgz",
      "integrity": "sha512-5xoDfX+fL7faATnagmWPpbFtwh/R77WmMMqqHGS65C3vvB0YHrgF+B1YmZ3441tMj5n63k0212XNoJwzlhffQw==",
      "dev": true,
      "hasInstallScript": true,
      "license": "MIT",
      "optional": true,
      "os": [
        "darwin"
      ],
      "engines": {
        "node": "^8.16.0 || ^10.6.0 || >=11.0.0"
      }
    },
    "node_modules/pyright": {
      "version": "1.1.398",
      "resolved": "https://registry.npmjs.org/pyright/-/pyright-1.1.398.tgz",
      "integrity": "sha512-KrqCYCw+p+mtoQ7kOiIKyEvfJxi4rMbJAvjSGjtScMaOHVqHVKYOFlchgiePj9AbjmkR/iNzWOodYJfXLjpHtQ==",
      "dev": true,
      "license": "MIT",
      "bin": {
        "pyright": "index.js",
        "pyright-langserver": "langserver.index.js"
      },
      "engines": {
        "node": ">=14.0.0"
      },
      "optionalDependencies": {
        "fsevents": "~2.3.3"
      }
    }
  }
}
